<?xml version="1.0" encoding="UTF-8" standalone="yes" ?>
<CodeBlocks_project_file>
	<FileVersion major="1" minor="6" />
	<Project>
		<Option title="ProjetCPP" />
		<Option pch_mode="2" />
		<Option compiler="gcc" />
		<Build>
			<Target title="Debug">
				<Option output="bin/Debug/ProjetCPP" prefix_auto="1" extension_auto="1" />
				<Option object_output="obj/Debug/" />
				<Option type="1" />
				<Option compiler="gcc" />
				<Compiler>
					<Add option="-g" />
				</Compiler>
			</Target>
			<Target title="Release">
				<Option output="bin/Release/ProjetCPP" prefix_auto="1" extension_auto="1" />
				<Option object_output="obj/Release/" />
				<Option type="1" />
				<Option compiler="gcc" />
				<Compiler>
					<Add option="-O2" />
				</Compiler>
				<Linker>
					<Add option="-s" />
				</Linker>
			</Target>
		</Build>
		<Compiler>
			<Add option="-Wall" />
			<Add option="-fexceptions" />
		</Compiler>
		<Unit filename="PKMN_Pokemon/PKMN_ExpAndLevel.cpp" />
		<Unit filename="PKMN_Pokemon/PKMN_ExpAndLevel.h" />
		<Unit filename="PKMN_Pokemon/PKMN_Type.cpp" />
		<Unit filename="PKMN_Pokemon/PKMN_Type.h" />
		<Unit filename="PKMN_Tools/PKMN_Conversion.cpp" />
		<Unit filename="PKMN_Tools/PKMN_Conversion.h" />
		<Unit filename="PKMN_Tools/PKMN_MapMethod.cpp" />
		<Unit filename="PKMN_Tools/PKMN_MapMethod.h" />
		<Unit filename="PKMN_Tools/PKMN_StatSet.cpp" />
		<Unit filename="PKMN_Tools/PKMN_StatSet.h" />
		<Unit filename="PKMN_Tools/PKMN_Table.cpp" />
		<Unit filename="PKMN_Tools/PKMN_Table.h" />
		<Unit filename="PKMN_Tools/PKMN_TableCoordinates.cpp" />
		<Unit filename="PKMN_Tools/PKMN_TableCoordinates.h" />
		<Unit filename="PKMN_Tools/PKMN_TableMap.cpp" />
		<Unit filename="PKMN_Tools/PKMN_TableMap.h" />
		<Unit filename="PKMN_Tools/PKMN_VectorMethod.cpp" />
		<Unit filename="PKMN_Tools/PKMN_VectorMethod.h" />
		<Unit filename="main.cpp" />
		<Extensions>
			<code_completion />
			<envvars />
			<debugger />
		</Extensions>
	</Project>
</CodeBlocks_project_file>
