<?xml version="1.0" encoding="UTF-8" standalone="yes" ?>
<CodeBlocks_project_file>
	<FileVersion major="1" minor="6" />
	<Project>
		<Option title="rpg-pokemon" />
		<Option pch_mode="2" />
		<Option compiler="gcc" />
		<Build>
			<Target title="Debug">
				<Option output="bin/Debug/rpg-pokemon" prefix_auto="1" extension_auto="1" />
				<Option object_output="obj/Debug/" />
				<Option type="1" />
				<Option compiler="gcc" />
				<Compiler>
					<Add option="-std=c++11" />
					<Add option="-g" />
				</Compiler>
				<Linker>
					<Add option="-std=c++11" />
				</Linker>
			</Target>
			<Target title="Release">
				<Option output="bin/Release/rpg-pokemon" prefix_auto="1" extension_auto="1" />
				<Option object_output="obj/Release/" />
				<Option type="1" />
				<Option compiler="gcc" />
				<Compiler>
					<Add option="-O2" />
				</Compiler>
				<Linker>
					<Add option="-s" />
				</Linker>
			</Target>
		</Build>
		<Compiler>
			<Add option="-Wall" />
			<Add option="-fexceptions" />
		</Compiler>
		<Unit filename="Battle/BattleWildPokemon.cpp" />
		<Unit filename="Battle/BattleWildPokemon.h" />
		<Unit filename="Battle/Player.cpp" />
		<Unit filename="Battle/Player.h" />
		<Unit filename="Battle/Trainer.cpp" />
		<Unit filename="Battle/Trainer.h" />
		<Unit filename="Field/Place.cpp" />
		<Unit filename="Field/Place.h" />
		<Unit filename="Field/Weather.cpp" />
		<Unit filename="Field/Weather.h" />
		<Unit filename="FilePath.h" />
		<Unit filename="Pokemon/DamageCategory.cpp" />
		<Unit filename="Pokemon/DamageCategory.h" />
		<Unit filename="Pokemon/ExpAndLevel.cpp" />
		<Unit filename="Pokemon/ExpAndLevel.h" />
		<Unit filename="Pokemon/Flag.cpp" />
		<Unit filename="Pokemon/Flag.h" />
		<Unit filename="Pokemon/Move.cpp" />
		<Unit filename="Pokemon/Move.h" />
		<Unit filename="Pokemon/Pokemon.cpp" />
		<Unit filename="Pokemon/Pokemon.h" />
		<Unit filename="Pokemon/Species.cpp" />
		<Unit filename="Pokemon/Species.h" />
		<Unit filename="Pokemon/Target.cpp" />
		<Unit filename="Pokemon/Target.h" />
		<Unit filename="Pokemon/Type.cpp" />
		<Unit filename="Pokemon/Type.h" />
		<Unit filename="Tools/Conversion.cpp" />
		<Unit filename="Tools/Conversion.h" />
		<Unit filename="Tools/StatSet.cpp" />
		<Unit filename="Tools/StatSet.h" />
		<Unit filename="Tools/StatSetExtended.cpp" />
		<Unit filename="Tools/StatSetExtended.h" />
		<Unit filename="Tools/Table.cpp" />
		<Unit filename="Tools/Table.h" />
		<Unit filename="Tools/VectorMethod.cpp" />
		<Unit filename="Tools/VectorMethod.h" />
		<Unit filename="main.cpp" />
		<Extensions>
			<code_completion />
			<envvars />
			<debugger />
			<lib_finder disable_auto="1" />
		</Extensions>
	</Project>
</CodeBlocks_project_file>
